
Microsoft Visual Studio Solution File, Format Version 11.00
# Visual Studio 2010
Project("{FAE04EC0-301F-11D3-BF4B-00C04F79EFBC}") = "TeamCityTest.iOS", "TeamCityTest.iOS\TeamCityTest.iOS.csproj", "{104CC20F-AC29-4B58-8AA0-9FFFD4F15696}"
EndProject
Global
	GlobalSection(SolutionConfigurationPlatforms) = preSolution
		Debug|iPhoneSimulator = Debug|iPhoneSimulator
		Release|iPhoneSimulator = Release|iPhoneSimulator
		Debug|iPhone = Debug|iPhone
		Release|iPhone = Release|iPhone
		Ad-Hoc|iPhone = Ad-Hoc|iPhone
		AppStore|iPhone = AppStore|iPhone
	EndGlobalSection
	GlobalSection(ProjectConfigurationPlatforms) = postSolution
		{104CC20F-AC29-4B58-8AA0-9FFFD4F15696}.Ad-Hoc|iPhone.ActiveCfg = Ad-Hoc|iPhone
		{104CC20F-AC29-4B58-8AA0-9FFFD4F15696}.Ad-Hoc|iPhone.Build.0 = Ad-Hoc|iPhone
		{104CC20F-AC29-4B58-8AA0-9FFFD4F15696}.AppStore|iPhone.ActiveCfg = AppStore|iPhone
		{104CC20F-AC29-4B58-8AA0-9FFFD4F15696}.AppStore|iPhone.Build.0 = AppStore|iPhone
		{104CC20F-AC29-4B58-8AA0-9FFFD4F15696}.Debug|iPhone.ActiveCfg = Debug|iPhone
		{104CC20F-AC29-4B58-8AA0-9FFFD4F15696}.Debug|iPhone.Build.0 = Debug|iPhone
		{104CC20F-AC29-4B58-8AA0-9FFFD4F15696}.Debug|iPhoneSimulator.ActiveCfg = Debug|iPhoneSimulator
		{104CC20F-AC29-4B58-8AA0-9FFFD4F15696}.Debug|iPhoneSimulator.Build.0 = Debug|iPhoneSimulator
		{104CC20F-AC29-4B58-8AA0-9FFFD4F15696}.Release|iPhone.ActiveCfg = Release|iPhone
		{104CC20F-AC29-4B58-8AA0-9FFFD4F15696}.Release|iPhone.Build.0 = Release|iPhone
		{104CC20F-AC29-4B58-8AA0-9FFFD4F15696}.Release|iPhoneSimulator.ActiveCfg = Release|iPhoneSimulator
		{104CC20F-AC29-4B58-8AA0-9FFFD4F15696}.Release|iPhoneSimulator.Build.0 = Release|iPhoneSimulator
	EndGlobalSection
	GlobalSection(MonoDevelopProperties) = preSolution
		StartupItem = TeamCityTest.iOS\TeamCityTest.iOS.csproj
	EndGlobalSection
EndGlobal
